[
    {
        "name":  "Clockwork for Dynamo 3.x",
        "slug":  "clockwork-for-dynamo-3x",
        "sourceFolder":  "Clockwork for Dynamo 3.x",
        "version":  "3.3.0",
        "engine":  "dynamo",
        "engineVersion":  "2.12.1.11123",
        "containsBinaries":  true,
        "dyfCount":  453,
        "dllCount":  1,
        "fileCount":  910,
        "packagePath":  "packages/revit-2027/clockwork-for-dynamo-3x/pkg.json",
        "notes":  "General utility and Revit helper custom nodes. Kept as a pinned dependency for legacy graph coverage."
    },
    {
        "name":  "Dynamo Text",
        "slug":  "dynamo-text",
        "sourceFolder":  "Dynamo Text",
        "version":  "3.0.0",
        "engine":  "dynamo",
        "engineVersion":  "4.0.0.3076",
        "containsBinaries":  true,
        "dyfCount":  0,
        "dllCount":  1,
        "fileCount":  3,
        "packagePath":  "packages/revit-2027/dynamo-text/pkg.json",
        "notes":  "Dynamo 4 text library. Binary package managed as a versioned package reference."
    },
    {
        "name":  "Monocle",
        "slug":  "monocle",
        "sourceFolder":  "Monocle",
        "version":  "2024.12.2",
        "engine":  "dynamo",
        "engineVersion":  "3.4.0.6892",
        "containsBinaries":  true,
        "dyfCount":  0,
        "dllCount":  7,
        "fileCount":  12,
        "packagePath":  "packages/revit-2027/monocle/pkg.json",
        "notes":  "View extension used for graph cleanup, package identification, and graph inspection workflows."
    },
    {
        "name":  "Rhythm",
        "slug":  "rhythm",
        "sourceFolder":  "Rhythm",
        "version":  "2025.10.3",
        "engine":  "dynamo",
        "engineVersion":  "2.17.0.3472",
        "containsBinaries":  true,
        "dyfCount":  0,
        "dllCount":  5,
        "fileCount":  11,
        "packagePath":  "packages/revit-2027/rhythm/pkg.json",
        "notes":  "Revit-focused node library. Included as a Revit 2027 package baseline sample."
    },
    {
        "name":  "spring nodes",
        "slug":  "spring-nodes",
        "sourceFolder":  "spring nodes",
        "version":  "400.1.1",
        "engine":  "dynamo",
        "engineVersion":  "4.0.0.3277",
        "containsBinaries":  false,
        "dyfCount":  154,
        "dllCount":  0,
        "fileCount":  155,
        "packagePath":  "packages/revit-2027/spring-nodes/pkg.json",
        "notes":  "Revit 2027-compatible sample package with explicit compatibility matrix metadata."
    }
]
